
Microsoft Visual Studio Solution File, Format Version 12.00
# Visual Studio Version 16
VisualStudioVersion = 16.0.30717.126
MinimumVisualStudioVersion = 10.0.40219.1
Project("{FAE04EC0-301F-11D3-BF4B-00C04F79EFBC}") = "Basic Notes PC App", "Basic Notes PC App.csproj", "{B85F007B-F3C5-4441-BFF3-87D36AC0BA32}"
EndProject
Global
	GlobalSection(SolutionConfigurationPlatforms) = preSolution
		Debug|Any CPU = Debug|Any CPU
		Release|Any CPU = Release|Any CPU
	EndGlobalSection
	GlobalSection(ProjectConfigurationPlatforms) = postSolution
		{B85F007B-F3C5-4441-BFF3-87D36AC0BA32}.Debug|Any CPU.ActiveCfg = Debug|Any CPU
		{B85F007B-F3C5-4441-BFF3-87D36AC0BA32}.Debug|Any CPU.Build.0 = Debug|Any CPU
		{B85F007B-F3C5-4441-BFF3-87D36AC0BA32}.Release|Any CPU.ActiveCfg = Release|Any CPU
		{B85F007B-F3C5-4441-BFF3-87D36AC0BA32}.Release|Any CPU.Build.0 = Release|Any CPU
	EndGlobalSection
	GlobalSection(SolutionProperties) = preSolution
		HideSolutionNode = FALSE
	EndGlobalSection
	GlobalSection(ExtensibilityGlobals) = postSolution
		SolutionGuid = {4DAEC7B7-DDBA-441B-82CF-3FE16F67AC9D}
	EndGlobalSection
EndGlobal
